
Microsoft Visual Studio Solution File, Format Version 11.00
# Visual Studio 2010
Project("{F184B08F-C81C-45F6-A57F-5ABD9991F28F}") = "FileUploader", "FileUploader.vbproj", "{A4BD01BA-4ACE-4060-A5A2-0FEE897C1A4A}"
EndProject
Project("{F184B08F-C81C-45F6-A57F-5ABD9991F28F}") = "FileUploader.Web", "..\..\Utilities\FileUploader.Web\FileUploader.Web.vbproj", "{E0D50843-26A4-4301-B3B7-6D0ADE708EF9}"
EndProject
Global
	GlobalSection(SolutionConfigurationPlatforms) = preSolution
		Debug|Any CPU = Debug|Any CPU
		Release|Any CPU = Release|Any CPU
	EndGlobalSection
	GlobalSection(ProjectConfigurationPlatforms) = postSolution
		{A4BD01BA-4ACE-4060-A5A2-0FEE897C1A4A}.Debug|Any CPU.ActiveCfg = Debug|Any CPU
		{A4BD01BA-4ACE-4060-A5A2-0FEE897C1A4A}.Debug|Any CPU.Build.0 = Debug|Any CPU
		{A4BD01BA-4ACE-4060-A5A2-0FEE897C1A4A}.Release|Any CPU.ActiveCfg = Release|Any CPU
		{A4BD01BA-4ACE-4060-A5A2-0FEE897C1A4A}.Release|Any CPU.Build.0 = Release|Any CPU
		{E0D50843-26A4-4301-B3B7-6D0ADE708EF9}.Debug|Any CPU.ActiveCfg = Debug|Any CPU
		{E0D50843-26A4-4301-B3B7-6D0ADE708EF9}.Debug|Any CPU.Build.0 = Debug|Any CPU
		{E0D50843-26A4-4301-B3B7-6D0ADE708EF9}.Release|Any CPU.ActiveCfg = Release|Any CPU
		{E0D50843-26A4-4301-B3B7-6D0ADE708EF9}.Release|Any CPU.Build.0 = Release|Any CPU
	EndGlobalSection
	GlobalSection(SolutionProperties) = preSolution
		HideSolutionNode = FALSE
	EndGlobalSection
EndGlobal
